# This file is automatically @generated by Cargo.
# It is not intended for manual editing.
version = 4

[[package]]
name = "bytes"
version = "1.11.1"
source = "registry+https://github.com/rust-lang/crates.io-index"
checksum = "1e748733b7cbc798e1434b6ac524f0c1ff2ab456fe201501e6497c8417a4fc33"

[[package]]
name = "is-docker"
version = "0.2.0"
source = "registry+https://github.com/rust-lang/crates.io-index"
checksum = "928bae27f42bc99b60d9ac7334e3a21d10ad8f1835a4e12ec3ec0464765ed1b3"
dependencies = [
 "once_cell",
]

[[package]]
name = "is-wsl"
version = "0.4.0"
source = "registry+https://github.com/rust-lang/crates.io-index"
checksum = "173609498df190136aa7dea1a91db051746d339e18476eed5ca40521f02d7aa5"
dependencies = [
 "is-docker",
 "once_cell",
]

[[package]]
name = "libc"
version = "0.2.186"
source = "registry+https://github.com/rust-lang/crates.io-index"
checksum = "68ab91017fe16c622486840e4c83c9a37afeff978bd239b5293d61ece587de66"

[[package]]
name = "once_cell"
version = "1.21.4"
source = "registry+https://github.com/rust-lang/crates.io-index"
checksum = "9f7c3e4beb33f85d45ae3e3a1792185706c8e16d043238c593331cc7cd313b50"

[[package]]
name = "open"
version = "5.3.5"
source = "registry+https://github.com/rust-lang/crates.io-index"
checksum = "2fbaa89d2ddc8473c78a3adf69eea8cffa28c483b8e02a971ef31527cd0fc92c"
dependencies = [
 "is-wsl",
 "libc",
 "pathdiff",
]

[[package]]
name = "pathdiff"
version = "0.2.3"
source = "registry+https://github.com/rust-lang/crates.io-index"
checksum = "df94ce210e5bc13cb6651479fa48d14f601d9858cfe0467f43ae157023b938d3"

[[package]]
name = "test-app"
version = "0.1.0"
dependencies = [
 "bytes",
 "open",
]
